
Microsoft Visual Studio Solution File, Format Version 12.00
# Visual Studio Version 17
VisualStudioVersion = 17.5.33516.290
MinimumVisualStudioVersion = 10.0.40219.1
Project("{9A19103F-16F7-4668-BE54-9A1E7A4F7556}") = "SchoolWebService.Web", "SchoolWebService.Web\SchoolWebService.Web.csproj", "{9B64A61A-14B3-451D-896E-D70F38757F97}"
EndProject
Project("{9A19103F-16F7-4668-BE54-9A1E7A4F7556}") = "SchoolWebService.Data", "SchoolWebService.Data\SchoolWebService.Data.csproj", "{4099EB75-5309-4B05-ABBE-26B4D19061BC}"
EndProject
Project("{9A19103F-16F7-4668-BE54-9A1E7A4F7556}") = "SchoolWebService.API", "SchoolWebService.API\SchoolWebService.API.csproj", "{ACF9E699-1CBF-4911-9635-88D706261A7D}"
EndProject
Global
	GlobalSection(SolutionConfigurationPlatforms) = preSolution
		Debug|Any CPU = Debug|Any CPU
		Release|Any CPU = Release|Any CPU
	EndGlobalSection
	GlobalSection(ProjectConfigurationPlatforms) = postSolution
		{9B64A61A-14B3-451D-896E-D70F38757F97}.Debug|Any CPU.ActiveCfg = Debug|Any CPU
		{9B64A61A-14B3-451D-896E-D70F38757F97}.Debug|Any CPU.Build.0 = Debug|Any CPU
		{9B64A61A-14B3-451D-896E-D70F38757F97}.Release|Any CPU.ActiveCfg = Release|Any CPU
		{9B64A61A-14B3-451D-896E-D70F38757F97}.Release|Any CPU.Build.0 = Release|Any CPU
		{4099EB75-5309-4B05-ABBE-26B4D19061BC}.Debug|Any CPU.ActiveCfg = Debug|Any CPU
		{4099EB75-5309-4B05-ABBE-26B4D19061BC}.Debug|Any CPU.Build.0 = Debug|Any CPU
		{4099EB75-5309-4B05-ABBE-26B4D19061BC}.Release|Any CPU.ActiveCfg = Release|Any CPU
		{4099EB75-5309-4B05-ABBE-26B4D19061BC}.Release|Any CPU.Build.0 = Release|Any CPU
		{ACF9E699-1CBF-4911-9635-88D706261A7D}.Debug|Any CPU.ActiveCfg = Debug|Any CPU
		{ACF9E699-1CBF-4911-9635-88D706261A7D}.Debug|Any CPU.Build.0 = Debug|Any CPU
		{ACF9E699-1CBF-4911-9635-88D706261A7D}.Release|Any CPU.ActiveCfg = Release|Any CPU
		{ACF9E699-1CBF-4911-9635-88D706261A7D}.Release|Any CPU.Build.0 = Release|Any CPU
	EndGlobalSection
	GlobalSection(SolutionProperties) = preSolution
		HideSolutionNode = FALSE
	EndGlobalSection
	GlobalSection(ExtensibilityGlobals) = postSolution
		SolutionGuid = {2DDF388D-1DE2-4584-8999-97E64B830187}
	EndGlobalSection
EndGlobal
